
Microsoft Visual Studio Solution File, Format Version 12.00
# Visual Studio Version 17
VisualStudioVersion = 17.4.33213.308
MinimumVisualStudioVersion = 10.0.40219.1
Project("{FAE04EC0-301F-11D3-BF4B-00C04F79EFBC}") = "EmployeesData", "EmployeesData\EmployeesData.csproj", "{A45EB499-8313-4D5E-8A3F-BF5ECC3F7853}"
EndProject
Project("{FAE04EC0-301F-11D3-BF4B-00C04F79EFBC}") = "Demo.DAL", "Demo.DAL\Demo.DAL.csproj", "{1840EC98-2345-4842-8E0A-9AB91D7B70CE}"
EndProject
Project("{FAE04EC0-301F-11D3-BF4B-00C04F79EFBC}") = "Demo.BLL", "Demo.BLL\Demo.BLL.csproj", "{8F46F7F3-9C93-4E64-BC62-7446770F19CC}"
EndProject
Global
	GlobalSection(SolutionConfigurationPlatforms) = preSolution
		Debug|Any CPU = Debug|Any CPU
		Release|Any CPU = Release|Any CPU
	EndGlobalSection
	GlobalSection(ProjectConfigurationPlatforms) = postSolution
		{A45EB499-8313-4D5E-8A3F-BF5ECC3F7853}.Debug|Any CPU.ActiveCfg = Debug|Any CPU
		{A45EB499-8313-4D5E-8A3F-BF5ECC3F7853}.Debug|Any CPU.Build.0 = Debug|Any CPU
		{A45EB499-8313-4D5E-8A3F-BF5ECC3F7853}.Release|Any CPU.ActiveCfg = Release|Any CPU
		{A45EB499-8313-4D5E-8A3F-BF5ECC3F7853}.Release|Any CPU.Build.0 = Release|Any CPU
		{1840EC98-2345-4842-8E0A-9AB91D7B70CE}.Debug|Any CPU.ActiveCfg = Debug|Any CPU
		{1840EC98-2345-4842-8E0A-9AB91D7B70CE}.Debug|Any CPU.Build.0 = Debug|Any CPU
		{1840EC98-2345-4842-8E0A-9AB91D7B70CE}.Release|Any CPU.ActiveCfg = Release|Any CPU
		{1840EC98-2345-4842-8E0A-9AB91D7B70CE}.Release|Any CPU.Build.0 = Release|Any CPU
		{8F46F7F3-9C93-4E64-BC62-7446770F19CC}.Debug|Any CPU.ActiveCfg = Debug|Any CPU
		{8F46F7F3-9C93-4E64-BC62-7446770F19CC}.Debug|Any CPU.Build.0 = Debug|Any CPU
		{8F46F7F3-9C93-4E64-BC62-7446770F19CC}.Release|Any CPU.ActiveCfg = Release|Any CPU
		{8F46F7F3-9C93-4E64-BC62-7446770F19CC}.Release|Any CPU.Build.0 = Release|Any CPU
	EndGlobalSection
	GlobalSection(SolutionProperties) = preSolution
		HideSolutionNode = FALSE
	EndGlobalSection
	GlobalSection(ExtensibilityGlobals) = postSolution
		SolutionGuid = {12E3D5FD-05C7-4F8D-9E35-3B5227F9E2BC}
	EndGlobalSection
EndGlobal
